
Microsoft Visual Studio Solution File, Format Version 12.00
Project("{FAE04EC0-301F-11D3-BF4B-00C04F79EFBC}") = "ParkingLotStep1", "ParkingLotStep1\ParkingLotStep1.csproj", "{91881F1E-66F3-4155-ADA8-A286A4499BB0}"
EndProject
Project("{FAE04EC0-301F-11D3-BF4B-00C04F79EFBC}") = "ParkingLotStep1.Tests", "ParkingLotStep1.Tests\ParkingLotStep1.Tests.csproj", "{F831E486-BB95-40FE-B710-7B7BD2FE3F45}"
EndProject
Project("{FAE04EC0-301F-11D3-BF4B-00C04F79EFBC}") = "ParkingLotStep2", "ParkingLotStep2\ParkingLotStep2.csproj", "{8FC1F0C5-1FCA-44CB-8D21-CE8F30F7FAB1}"
EndProject
Project("{FAE04EC0-301F-11D3-BF4B-00C04F79EFBC}") = "ParkingLotStep2.Tests", "ParkingLotStep2.Tests\ParkingLotStep2.Tests.csproj", "{CDA1B38E-9CA1-4E28-A089-A71C255F221E}"
EndProject
Project("{FAE04EC0-301F-11D3-BF4B-00C04F79EFBC}") = "ParkingLotStep3", "ParkingLotStep3\ParkingLotStep3.csproj", "{8CB8F175-643E-46B5-B6BC-C826CC5EB8FB}"
EndProject
Project("{FAE04EC0-301F-11D3-BF4B-00C04F79EFBC}") = "ParkingLotStep3.Tests", "ParkingLotStep3.Tests\ParkingLotStep3.Tests.csproj", "{D913F73C-B4B6-4B16-9033-025DE73196F4}"
EndProject
Project("{FAE04EC0-301F-11D3-BF4B-00C04F79EFBC}") = "ParkingLotStep4", "ParkingLotStep4\ParkingLotStep4.csproj", "{48EF272A-8C29-4065-82EB-5CF2C0A321B5}"
EndProject
Project("{FAE04EC0-301F-11D3-BF4B-00C04F79EFBC}") = "ParkingLotStep4.Tests", "ParkingLotStep4.Tests\ParkingLotStep4.Tests.csproj", "{00F2E113-3435-4B64-ADE2-BCB6D8243B1A}"
EndProject
Project("{FAE04EC0-301F-11D3-BF4B-00C04F79EFBC}") = "ParkingLotStep5", "ParkingLotStep5\ParkingLotStep5.csproj", "{54CC811F-75A7-44F7-9286-F9B0BC48A5D3}"
EndProject
Project("{FAE04EC0-301F-11D3-BF4B-00C04F79EFBC}") = "ParkingLotStep5.Tests", "ParkingLotStep5.Tests\ParkingLotStep5.Tests.csproj", "{24642FFD-0960-4011-A51E-9D13DB011186}"
EndProject
Project("{2150E333-8FDC-42A3-9474-1A3956D46DE8}") = "Documents", "Documents", "{FE3C57D7-4CEB-48F9-9898-CD1B292702BE}"
	ProjectSection(SolutionItems) = preProject
		README.md = README.md
		LICENSE = LICENSE
	EndProjectSection
EndProject
Project("{FAE04EC0-301F-11D3-BF4B-00C04F79EFBC}") = "ParkingLotStep6", "ParkingLotStep6\ParkingLotStep6.csproj", "{BB540574-9AF7-4EA2-8793-59B2BB8B58AD}"
EndProject
Project("{FAE04EC0-301F-11D3-BF4B-00C04F79EFBC}") = "ParkingLotStep6.Tests", "ParkingLotStep6.Tests\ParkingLotStep6.Tests.csproj", "{E118B92C-1436-44FB-87D1-19B9CD38BEDF}"
EndProject
Project("{FAE04EC0-301F-11D3-BF4B-00C04F79EFBC}") = "ParkingLotStep7", "ParkingLotStep7\ParkingLotStep7.csproj", "{978C4203-E0C7-486F-B413-72757BCCE615}"
EndProject
Project("{FAE04EC0-301F-11D3-BF4B-00C04F79EFBC}") = "ParkingLotStep7.Tests", "ParkingLotStep7.Tests\ParkingLotStep7.Tests.csproj", "{F6AF1B51-57DC-4B26-95BC-8ED35E0ECE77}"
EndProject
Project("{FAE04EC0-301F-11D3-BF4B-00C04F79EFBC}") = "ParkingLotStep7.FluentAssertions.Tests", "ParkingLotStep7.FluentAssertions.Tests\ParkingLotStep7.FluentAssertions.Tests.csproj", "{19E8488B-C53F-4A01-9002-94322B741E7E}"
EndProject
Global
	GlobalSection(SolutionConfigurationPlatforms) = preSolution
		Debug|Any CPU = Debug|Any CPU
		Release|Any CPU = Release|Any CPU
	EndGlobalSection
	GlobalSection(ProjectConfigurationPlatforms) = postSolution
		{91881F1E-66F3-4155-ADA8-A286A4499BB0}.Debug|Any CPU.ActiveCfg = Debug|Any CPU
		{91881F1E-66F3-4155-ADA8-A286A4499BB0}.Debug|Any CPU.Build.0 = Debug|Any CPU
		{91881F1E-66F3-4155-ADA8-A286A4499BB0}.Release|Any CPU.ActiveCfg = Release|Any CPU
		{91881F1E-66F3-4155-ADA8-A286A4499BB0}.Release|Any CPU.Build.0 = Release|Any CPU
		{F831E486-BB95-40FE-B710-7B7BD2FE3F45}.Debug|Any CPU.ActiveCfg = Debug|Any CPU
		{F831E486-BB95-40FE-B710-7B7BD2FE3F45}.Debug|Any CPU.Build.0 = Debug|Any CPU
		{F831E486-BB95-40FE-B710-7B7BD2FE3F45}.Release|Any CPU.ActiveCfg = Release|Any CPU
		{F831E486-BB95-40FE-B710-7B7BD2FE3F45}.Release|Any CPU.Build.0 = Release|Any CPU
		{8FC1F0C5-1FCA-44CB-8D21-CE8F30F7FAB1}.Debug|Any CPU.ActiveCfg = Debug|Any CPU
		{8FC1F0C5-1FCA-44CB-8D21-CE8F30F7FAB1}.Debug|Any CPU.Build.0 = Debug|Any CPU
		{8FC1F0C5-1FCA-44CB-8D21-CE8F30F7FAB1}.Release|Any CPU.ActiveCfg = Release|Any CPU
		{8FC1F0C5-1FCA-44CB-8D21-CE8F30F7FAB1}.Release|Any CPU.Build.0 = Release|Any CPU
		{CDA1B38E-9CA1-4E28-A089-A71C255F221E}.Debug|Any CPU.ActiveCfg = Debug|Any CPU
		{CDA1B38E-9CA1-4E28-A089-A71C255F221E}.Debug|Any CPU.Build.0 = Debug|Any CPU
		{CDA1B38E-9CA1-4E28-A089-A71C255F221E}.Release|Any CPU.ActiveCfg = Release|Any CPU
		{CDA1B38E-9CA1-4E28-A089-A71C255F221E}.Release|Any CPU.Build.0 = Release|Any CPU
		{8CB8F175-643E-46B5-B6BC-C826CC5EB8FB}.Debug|Any CPU.ActiveCfg = Debug|Any CPU
		{8CB8F175-643E-46B5-B6BC-C826CC5EB8FB}.Debug|Any CPU.Build.0 = Debug|Any CPU
		{8CB8F175-643E-46B5-B6BC-C826CC5EB8FB}.Release|Any CPU.ActiveCfg = Release|Any CPU
		{8CB8F175-643E-46B5-B6BC-C826CC5EB8FB}.Release|Any CPU.Build.0 = Release|Any CPU
		{D913F73C-B4B6-4B16-9033-025DE73196F4}.Debug|Any CPU.ActiveCfg = Debug|Any CPU
		{D913F73C-B4B6-4B16-9033-025DE73196F4}.Debug|Any CPU.Build.0 = Debug|Any CPU
		{D913F73C-B4B6-4B16-9033-025DE73196F4}.Release|Any CPU.ActiveCfg = Release|Any CPU
		{D913F73C-B4B6-4B16-9033-025DE73196F4}.Release|Any CPU.Build.0 = Release|Any CPU
		{48EF272A-8C29-4065-82EB-5CF2C0A321B5}.Debug|Any CPU.ActiveCfg = Debug|Any CPU
		{48EF272A-8C29-4065-82EB-5CF2C0A321B5}.Debug|Any CPU.Build.0 = Debug|Any CPU
		{48EF272A-8C29-4065-82EB-5CF2C0A321B5}.Release|Any CPU.ActiveCfg = Release|Any CPU
		{48EF272A-8C29-4065-82EB-5CF2C0A321B5}.Release|Any CPU.Build.0 = Release|Any CPU
		{00F2E113-3435-4B64-ADE2-BCB6D8243B1A}.Debug|Any CPU.ActiveCfg = Debug|Any CPU
		{00F2E113-3435-4B64-ADE2-BCB6D8243B1A}.Debug|Any CPU.Build.0 = Debug|Any CPU
		{00F2E113-3435-4B64-ADE2-BCB6D8243B1A}.Release|Any CPU.ActiveCfg = Release|Any CPU
		{00F2E113-3435-4B64-ADE2-BCB6D8243B1A}.Release|Any CPU.Build.0 = Release|Any CPU
		{54CC811F-75A7-44F7-9286-F9B0BC48A5D3}.Debug|Any CPU.ActiveCfg = Debug|Any CPU
		{54CC811F-75A7-44F7-9286-F9B0BC48A5D3}.Debug|Any CPU.Build.0 = Debug|Any CPU
		{54CC811F-75A7-44F7-9286-F9B0BC48A5D3}.Release|Any CPU.ActiveCfg = Release|Any CPU
		{54CC811F-75A7-44F7-9286-F9B0BC48A5D3}.Release|Any CPU.Build.0 = Release|Any CPU
		{24642FFD-0960-4011-A51E-9D13DB011186}.Debug|Any CPU.ActiveCfg = Debug|Any CPU
		{24642FFD-0960-4011-A51E-9D13DB011186}.Debug|Any CPU.Build.0 = Debug|Any CPU
		{24642FFD-0960-4011-A51E-9D13DB011186}.Release|Any CPU.ActiveCfg = Release|Any CPU
		{24642FFD-0960-4011-A51E-9D13DB011186}.Release|Any CPU.Build.0 = Release|Any CPU
		{BB540574-9AF7-4EA2-8793-59B2BB8B58AD}.Debug|Any CPU.ActiveCfg = Debug|Any CPU
		{BB540574-9AF7-4EA2-8793-59B2BB8B58AD}.Debug|Any CPU.Build.0 = Debug|Any CPU
		{BB540574-9AF7-4EA2-8793-59B2BB8B58AD}.Release|Any CPU.ActiveCfg = Release|Any CPU
		{BB540574-9AF7-4EA2-8793-59B2BB8B58AD}.Release|Any CPU.Build.0 = Release|Any CPU
		{E118B92C-1436-44FB-87D1-19B9CD38BEDF}.Debug|Any CPU.ActiveCfg = Debug|Any CPU
		{E118B92C-1436-44FB-87D1-19B9CD38BEDF}.Debug|Any CPU.Build.0 = Debug|Any CPU
		{E118B92C-1436-44FB-87D1-19B9CD38BEDF}.Release|Any CPU.ActiveCfg = Release|Any CPU
		{E118B92C-1436-44FB-87D1-19B9CD38BEDF}.Release|Any CPU.Build.0 = Release|Any CPU
		{978C4203-E0C7-486F-B413-72757BCCE615}.Debug|Any CPU.ActiveCfg = Debug|Any CPU
		{978C4203-E0C7-486F-B413-72757BCCE615}.Debug|Any CPU.Build.0 = Debug|Any CPU
		{978C4203-E0C7-486F-B413-72757BCCE615}.Release|Any CPU.ActiveCfg = Release|Any CPU
		{978C4203-E0C7-486F-B413-72757BCCE615}.Release|Any CPU.Build.0 = Release|Any CPU
		{F6AF1B51-57DC-4B26-95BC-8ED35E0ECE77}.Debug|Any CPU.ActiveCfg = Debug|Any CPU
		{F6AF1B51-57DC-4B26-95BC-8ED35E0ECE77}.Debug|Any CPU.Build.0 = Debug|Any CPU
		{F6AF1B51-57DC-4B26-95BC-8ED35E0ECE77}.Release|Any CPU.ActiveCfg = Release|Any CPU
		{F6AF1B51-57DC-4B26-95BC-8ED35E0ECE77}.Release|Any CPU.Build.0 = Release|Any CPU
		{19E8488B-C53F-4A01-9002-94322B741E7E}.Debug|Any CPU.ActiveCfg = Debug|Any CPU
		{19E8488B-C53F-4A01-9002-94322B741E7E}.Debug|Any CPU.Build.0 = Debug|Any CPU
		{19E8488B-C53F-4A01-9002-94322B741E7E}.Release|Any CPU.ActiveCfg = Release|Any CPU
		{19E8488B-C53F-4A01-9002-94322B741E7E}.Release|Any CPU.Build.0 = Release|Any CPU
	EndGlobalSection
EndGlobal
